
Microsoft Visual Studio Solution File, Format Version 12.00
# Visual Studio Version 17
VisualStudioVersion = 17.4.33110.190
MinimumVisualStudioVersion = 10.0.40219.1
Project("{2150E333-8FDC-42A3-9474-1A3956D46DE8}") = "Advent Solutions", "Advent Solutions", "{C33A831C-7F3E-4317-BCB1-3FED1FCB8D4A}"
EndProject
Project("{9A19103F-16F7-4668-BE54-9A1E7A4F7556}") = "Advent2022.Day1", "Advent2022.Day1\Advent2022.Day1.csproj", "{5C85246A-7913-4663-B76E-DA46D1D59605}"
EndProject
Project("{9A19103F-16F7-4668-BE54-9A1E7A4F7556}") = "Advent2022.Shared", "Advent2022.Shared\Advent2022.Shared.csproj", "{192FA8CB-788C-4421-8ADE-97C0E090BA70}"
EndProject
Project("{2150E333-8FDC-42A3-9474-1A3956D46DE8}") = "Solution Items", "Solution Items", "{89E50F4C-07EE-43FD-9112-3E6B52065145}"
	ProjectSection(SolutionItems) = preProject
		Directory.Build.props = Directory.Build.props
	EndProjectSection
EndProject
Project("{FAE04EC0-301F-11D3-BF4B-00C04F79EFBC}") = "Advent2022.Day2", "Advent2022.Day2\Advent2022.Day2.csproj", "{74612379-1B90-484C-83C4-BAE47153BFA2}"
EndProject
Project("{FAE04EC0-301F-11D3-BF4B-00C04F79EFBC}") = "Advent2022.Day3", "Advent2022.Day3\Advent2022.Day3.csproj", "{BBEB831D-62F1-4C87-B32D-ABEF32539412}"
EndProject
Project("{FAE04EC0-301F-11D3-BF4B-00C04F79EFBC}") = "Advent2022.Day4", "Advent2022.Day4\Advent2022.Day4.csproj", "{9FB9960E-E700-454E-89CF-1DF713514B57}"
EndProject
Project("{FAE04EC0-301F-11D3-BF4B-00C04F79EFBC}") = "Advent2022.Day5", "Advent2022.Day5\Advent2022.Day5.csproj", "{62875421-55B7-4745-8E63-612F0F2D6E51}"
EndProject
Project("{FAE04EC0-301F-11D3-BF4B-00C04F79EFBC}") = "Advent2022.Day6", "Advent2022.Day6\Advent2022.Day6.csproj", "{192B5C03-A983-4683-9347-43F8AFC147B1}"
EndProject
Project("{FAE04EC0-301F-11D3-BF4B-00C04F79EFBC}") = "Advent2022.Day7", "Advent2022.Day7\Advent2022.Day7.csproj", "{C2394F42-4EDB-45D7-8F36-0B03A43D6945}"
EndProject
Global
	GlobalSection(SolutionConfigurationPlatforms) = preSolution
		Debug|Any CPU = Debug|Any CPU
		Release|Any CPU = Release|Any CPU
	EndGlobalSection
	GlobalSection(ProjectConfigurationPlatforms) = postSolution
		{5C85246A-7913-4663-B76E-DA46D1D59605}.Debug|Any CPU.ActiveCfg = Debug|Any CPU
		{5C85246A-7913-4663-B76E-DA46D1D59605}.Debug|Any CPU.Build.0 = Debug|Any CPU
		{5C85246A-7913-4663-B76E-DA46D1D59605}.Release|Any CPU.ActiveCfg = Release|Any CPU
		{5C85246A-7913-4663-B76E-DA46D1D59605}.Release|Any CPU.Build.0 = Release|Any CPU
		{192FA8CB-788C-4421-8ADE-97C0E090BA70}.Debug|Any CPU.ActiveCfg = Debug|Any CPU
		{192FA8CB-788C-4421-8ADE-97C0E090BA70}.Debug|Any CPU.Build.0 = Debug|Any CPU
		{192FA8CB-788C-4421-8ADE-97C0E090BA70}.Release|Any CPU.ActiveCfg = Release|Any CPU
		{192FA8CB-788C-4421-8ADE-97C0E090BA70}.Release|Any CPU.Build.0 = Release|Any CPU
		{74612379-1B90-484C-83C4-BAE47153BFA2}.Debug|Any CPU.ActiveCfg = Debug|Any CPU
		{74612379-1B90-484C-83C4-BAE47153BFA2}.Debug|Any CPU.Build.0 = Debug|Any CPU
		{74612379-1B90-484C-83C4-BAE47153BFA2}.Release|Any CPU.ActiveCfg = Release|Any CPU
		{74612379-1B90-484C-83C4-BAE47153BFA2}.Release|Any CPU.Build.0 = Release|Any CPU
		{BBEB831D-62F1-4C87-B32D-ABEF32539412}.Debug|Any CPU.ActiveCfg = Debug|Any CPU
		{BBEB831D-62F1-4C87-B32D-ABEF32539412}.Debug|Any CPU.Build.0 = Debug|Any CPU
		{BBEB831D-62F1-4C87-B32D-ABEF32539412}.Release|Any CPU.ActiveCfg = Release|Any CPU
		{BBEB831D-62F1-4C87-B32D-ABEF32539412}.Release|Any CPU.Build.0 = Release|Any CPU
		{9FB9960E-E700-454E-89CF-1DF713514B57}.Debug|Any CPU.ActiveCfg = Debug|Any CPU
		{9FB9960E-E700-454E-89CF-1DF713514B57}.Debug|Any CPU.Build.0 = Debug|Any CPU
		{9FB9960E-E700-454E-89CF-1DF713514B57}.Release|Any CPU.ActiveCfg = Release|Any CPU
		{9FB9960E-E700-454E-89CF-1DF713514B57}.Release|Any CPU.Build.0 = Release|Any CPU
		{62875421-55B7-4745-8E63-612F0F2D6E51}.Debug|Any CPU.ActiveCfg = Debug|Any CPU
		{62875421-55B7-4745-8E63-612F0F2D6E51}.Debug|Any CPU.Build.0 = Debug|Any CPU
		{62875421-55B7-4745-8E63-612F0F2D6E51}.Release|Any CPU.ActiveCfg = Release|Any CPU
		{62875421-55B7-4745-8E63-612F0F2D6E51}.Release|Any CPU.Build.0 = Release|Any CPU
		{192B5C03-A983-4683-9347-43F8AFC147B1}.Debug|Any CPU.ActiveCfg = Debug|Any CPU
		{192B5C03-A983-4683-9347-43F8AFC147B1}.Debug|Any CPU.Build.0 = Debug|Any CPU
		{192B5C03-A983-4683-9347-43F8AFC147B1}.Release|Any CPU.ActiveCfg = Release|Any CPU
		{192B5C03-A983-4683-9347-43F8AFC147B1}.Release|Any CPU.Build.0 = Release|Any CPU
		{C2394F42-4EDB-45D7-8F36-0B03A43D6945}.Debug|Any CPU.ActiveCfg = Debug|Any CPU
		{C2394F42-4EDB-45D7-8F36-0B03A43D6945}.Debug|Any CPU.Build.0 = Debug|Any CPU
		{C2394F42-4EDB-45D7-8F36-0B03A43D6945}.Release|Any CPU.ActiveCfg = Release|Any CPU
		{C2394F42-4EDB-45D7-8F36-0B03A43D6945}.Release|Any CPU.Build.0 = Release|Any CPU
	EndGlobalSection
	GlobalSection(SolutionProperties) = preSolution
		HideSolutionNode = FALSE
	EndGlobalSection
	GlobalSection(NestedProjects) = preSolution
		{5C85246A-7913-4663-B76E-DA46D1D59605} = {C33A831C-7F3E-4317-BCB1-3FED1FCB8D4A}
		{74612379-1B90-484C-83C4-BAE47153BFA2} = {C33A831C-7F3E-4317-BCB1-3FED1FCB8D4A}
		{BBEB831D-62F1-4C87-B32D-ABEF32539412} = {C33A831C-7F3E-4317-BCB1-3FED1FCB8D4A}
		{9FB9960E-E700-454E-89CF-1DF713514B57} = {C33A831C-7F3E-4317-BCB1-3FED1FCB8D4A}
		{62875421-55B7-4745-8E63-612F0F2D6E51} = {C33A831C-7F3E-4317-BCB1-3FED1FCB8D4A}
		{192B5C03-A983-4683-9347-43F8AFC147B1} = {C33A831C-7F3E-4317-BCB1-3FED1FCB8D4A}
		{C2394F42-4EDB-45D7-8F36-0B03A43D6945} = {C33A831C-7F3E-4317-BCB1-3FED1FCB8D4A}
	EndGlobalSection
	GlobalSection(ExtensibilityGlobals) = postSolution
		SolutionGuid = {44E69D32-121A-4A15-836F-2E7EE29DC0C5}
	EndGlobalSection
EndGlobal
